
Microsoft Visual Studio Solution File, Format Version 12.00
# Visual Studio 2015
Project("{FAE04EC0-301F-11D3-BF4B-00C04F79EFBC}") = "ForceField.CSharp.Plugins", "ForceField.CSharp.Plugins.csproj", "{54A59503-03DD-4D64-B498-D6A5AAA73A55}"
EndProject
Project("{FAE04EC0-301F-11D3-BF4B-00C04F79EFBC}") = "ForceField.CSharp", "ForceField.CSharp.csproj", "{EB7F0E1D-A69B-5EAA-04BF-1C738CDD7DD2}"
EndProject
Project("{FAE04EC0-301F-11D3-BF4B-00C04F79EFBC}") = "ForceField.CSharp.Editor", "ForceField.CSharp.Editor.csproj", "{1FA1A0AE-B5B2-9D6F-50D3-35AEE75CCDE5}"
EndProject
Global
	GlobalSection(SolutionConfigurationPlatforms) = preSolution
		Debug|Any CPU = Debug|Any CPU
		Release|Any CPU = Release|Any CPU
	EndGlobalSection
	GlobalSection(ProjectConfigurationPlatforms) = postSolution
		{54A59503-03DD-4D64-B498-D6A5AAA73A55}.Debug|Any CPU.ActiveCfg = Debug|Any CPU
		{54A59503-03DD-4D64-B498-D6A5AAA73A55}.Debug|Any CPU.Build.0 = Debug|Any CPU
		{54A59503-03DD-4D64-B498-D6A5AAA73A55}.Release|Any CPU.ActiveCfg = Release|Any CPU
		{54A59503-03DD-4D64-B498-D6A5AAA73A55}.Release|Any CPU.Build.0 = Release|Any CPU
		{EB7F0E1D-A69B-5EAA-04BF-1C738CDD7DD2}.Debug|Any CPU.ActiveCfg = Debug|Any CPU
		{EB7F0E1D-A69B-5EAA-04BF-1C738CDD7DD2}.Debug|Any CPU.Build.0 = Debug|Any CPU
		{EB7F0E1D-A69B-5EAA-04BF-1C738CDD7DD2}.Release|Any CPU.ActiveCfg = Release|Any CPU
		{EB7F0E1D-A69B-5EAA-04BF-1C738CDD7DD2}.Release|Any CPU.Build.0 = Release|Any CPU
		{1FA1A0AE-B5B2-9D6F-50D3-35AEE75CCDE5}.Debug|Any CPU.ActiveCfg = Debug|Any CPU
		{1FA1A0AE-B5B2-9D6F-50D3-35AEE75CCDE5}.Debug|Any CPU.Build.0 = Debug|Any CPU
		{1FA1A0AE-B5B2-9D6F-50D3-35AEE75CCDE5}.Release|Any CPU.ActiveCfg = Release|Any CPU
		{1FA1A0AE-B5B2-9D6F-50D3-35AEE75CCDE5}.Release|Any CPU.Build.0 = Release|Any CPU
	EndGlobalSection
	GlobalSection(SolutionProperties) = preSolution
		HideSolutionNode = FALSE
	EndGlobalSection
EndGlobal
